
Microsoft Visual Studio Solution File, Format Version 10.00
# Visual Studio 2008
Project("{2150E333-8FDC-42A3-9474-1A3956D46DE8}") = "Note", "Note", "{F50B083C-D9E8-40D8-A1CF-EDA25DC58AF7}"
	ProjectSection(SolutionItems) = preProject
		changlog.txt = changlog.txt
	EndProjectSection
EndProject
Project("{2150E333-8FDC-42A3-9474-1A3956D46DE8}") = "LibTest", "LibTest", "{C7FBEE90-2A42-415E-A35F-9FEED4CBC71A}"
EndProject
Project("{2150E333-8FDC-42A3-9474-1A3956D46DE8}") = "APP", "APP", "{205BDB71-E6B2-4CC8-827D-3486FAA04F0C}"
EndProject
Project("{2150E333-8FDC-42A3-9474-1A3956D46DE8}") = "LIB", "LIB", "{3E49F47A-93BA-4611-8693-29BF3B20E761}"
EndProject
Project("{2150E333-8FDC-42A3-9474-1A3956D46DE8}") = "Data", "Data", "{5482CBB1-90BD-4A5D-A98D-9F08816AB8C5}"
	ProjectSection(SolutionItems) = preProject
		data\1号楼数据.rar = data\1号楼数据.rar
		data\draw.txt = data\draw.txt
		data\draw1.txt = data\draw1.txt
		data\draw2.txt = data\draw2.txt
		data\金刚塔数据.rar = data\金刚塔数据.rar
	EndProjectSection
EndProject
Project("{2150E333-8FDC-42A3-9474-1A3956D46DE8}") = "Geos", "Geos", "{8584EE81-D4E9-4EC7-ABF2-389E5F9D0107}"
EndProject
Project("{2150E333-8FDC-42A3-9474-1A3956D46DE8}") = "CxImage", "CxImage", "{DE12774F-61D8-4DD8-A855-C4593CAD61FB}"
EndProject
Project("{8BC9CEB8-8B4A-11D0-8D11-00A0C91BC942}") = "DLT_Test", "DLT_Test\DLT_Test.vcproj", "{F441B912-97C5-4BE4-9C42-69EE38ADF72D}"
	ProjectSection(ProjectDependencies) = postProject
		{EBFC4388-EF90-4E30-86CB-2E6E848E69A4} = {EBFC4388-EF90-4E30-86CB-2E6E848E69A4}
	EndProjectSection
EndProject
Project("{8BC9CEB8-8B4A-11D0-8D11-00A0C91BC942}") = "PhotoMeasurer", "PhotoMeasurer\PhotoMeasurer.vcproj", "{C09BEE0F-7548-49B5-BD34-CC917894A4C8}"
	ProjectSection(ProjectDependencies) = postProject
		{932D4B38-8311-4A53-8672-7770B48B4E85} = {932D4B38-8311-4A53-8672-7770B48B4E85}
		{2D649C7E-BD43-484E-A5FD-775B4F5851EC} = {2D649C7E-BD43-484E-A5FD-775B4F5851EC}
		{EBFC4388-EF90-4E30-86CB-2E6E848E69A4} = {EBFC4388-EF90-4E30-86CB-2E6E848E69A4}
		{108E75A3-0A92-489A-B1A9-8F071D40A108} = {108E75A3-0A92-489A-B1A9-8F071D40A108}
		{D5F6F3A5-37E3-4F6E-B4B1-47E1EB2F5B06} = {D5F6F3A5-37E3-4F6E-B4B1-47E1EB2F5B06}
	EndProjectSection
EndProject
Project("{8BC9CEB8-8B4A-11D0-8D11-00A0C91BC942}") = "LSD", "LSD\LSD.vcproj", "{EBFC4388-EF90-4E30-86CB-2E6E848E69A4}"
EndProject
Project("{8BC9CEB8-8B4A-11D0-8D11-00A0C91BC942}") = "JLinkageLib", "JLinkageLib\JLinkageLib.vcproj", "{932D4B38-8311-4A53-8672-7770B48B4E85}"
	ProjectSection(ProjectDependencies) = postProject
		{D5F6F3A5-37E3-4F6E-B4B1-47E1EB2F5B06} = {D5F6F3A5-37E3-4F6E-B4B1-47E1EB2F5B06}
	EndProjectSection
EndProject
Project("{8BC9CEB8-8B4A-11D0-8D11-00A0C91BC942}") = "JLnkTest", "JLnkTest\JLnkTest.vcproj", "{F82826E8-91A7-4435-B0E2-85A2499E49CC}"
	ProjectSection(ProjectDependencies) = postProject
		{932D4B38-8311-4A53-8672-7770B48B4E85} = {932D4B38-8311-4A53-8672-7770B48B4E85}
		{D5F6F3A5-37E3-4F6E-B4B1-47E1EB2F5B06} = {D5F6F3A5-37E3-4F6E-B4B1-47E1EB2F5B06}
	EndProjectSection
EndProject
Project("{8BC9CEB8-8B4A-11D0-8D11-00A0C91BC942}") = "CxImage", "cximage-6.0.0\CxImage\cximage.vcproj", "{227A312C-3C05-42A2-90D4-3A9A8CAEAC44}"
EndProject
Project("{8BC9CEB8-8B4A-11D0-8D11-00A0C91BC942}") = "CxImageCrtDll", "cximage-6.0.0\CxImage\CxImageDLL\CxImageCrtDll.vcproj", "{2D649C7E-BD43-484E-A5FD-775B4F5851EC}"
	ProjectSection(ProjectDependencies) = postProject
		{C4DF5005-D4FF-41EC-9257-C3913C87AE70} = {C4DF5005-D4FF-41EC-9257-C3913C87AE70}
		{53068B24-EA61-4773-BB89-52A65EE86155} = {53068B24-EA61-4773-BB89-52A65EE86155}
		{9EE62652-B225-46AD-9D7D-983280B09667} = {9EE62652-B225-46AD-9D7D-983280B09667}
		{194BF984-A6D7-4CB8-9A5B-133ED627AE82} = {194BF984-A6D7-4CB8-9A5B-133ED627AE82}
		{70DB4F90-0788-4D09-9E4B-87A564F33F35} = {70DB4F90-0788-4D09-9E4B-87A564F33F35}
		{E04972E1-DBF4-4576-B611-096DC242B9AA} = {E04972E1-DBF4-4576-B611-096DC242B9AA}
		{A71398EE-1AF5-4AF7-9924-B8094350FCD4} = {A71398EE-1AF5-4AF7-9924-B8094350FCD4}
		{37C6D7FF-B564-4CA5-964D-76FF8EE1302B} = {37C6D7FF-B564-4CA5-964D-76FF8EE1302B}
	EndProjectSection
EndProject
Project("{8BC9CEB8-8B4A-11D0-8D11-00A0C91BC942}") = "CxImageMfcDll", "cximage-6.0.0\CxImage\CxImageDLL\cximagemfcdll.vcproj", "{12DA9937-3B78-453D-B81E-411356E309BE}"
	ProjectSection(ProjectDependencies) = postProject
		{C4DF5005-D4FF-41EC-9257-C3913C87AE70} = {C4DF5005-D4FF-41EC-9257-C3913C87AE70}
		{53068B24-EA61-4773-BB89-52A65EE86155} = {53068B24-EA61-4773-BB89-52A65EE86155}
		{9EE62652-B225-46AD-9D7D-983280B09667} = {9EE62652-B225-46AD-9D7D-983280B09667}
		{194BF984-A6D7-4CB8-9A5B-133ED627AE82} = {194BF984-A6D7-4CB8-9A5B-133ED627AE82}
		{70DB4F90-0788-4D09-9E4B-87A564F33F35} = {70DB4F90-0788-4D09-9E4B-87A564F33F35}
		{E04972E1-DBF4-4576-B611-096DC242B9AA} = {E04972E1-DBF4-4576-B611-096DC242B9AA}
		{A71398EE-1AF5-4AF7-9924-B8094350FCD4} = {A71398EE-1AF5-4AF7-9924-B8094350FCD4}
		{37C6D7FF-B564-4CA5-964D-76FF8EE1302B} = {37C6D7FF-B564-4CA5-964D-76FF8EE1302B}
	EndProjectSection
EndProject
Project("{8BC9CEB8-8B4A-11D0-8D11-00A0C91BC942}") = "demo", "cximage-6.0.0\demo\demo.vcproj", "{CC734EEB-B512-4710-8A41-E70ADCF1EE01}"
	ProjectSection(ProjectDependencies) = postProject
		{C4DF5005-D4FF-41EC-9257-C3913C87AE70} = {C4DF5005-D4FF-41EC-9257-C3913C87AE70}
		{53068B24-EA61-4773-BB89-52A65EE86155} = {53068B24-EA61-4773-BB89-52A65EE86155}
		{227A312C-3C05-42A2-90D4-3A9A8CAEAC44} = {227A312C-3C05-42A2-90D4-3A9A8CAEAC44}
		{12DA9937-3B78-453D-B81E-411356E309BE} = {12DA9937-3B78-453D-B81E-411356E309BE}
		{9EE62652-B225-46AD-9D7D-983280B09667} = {9EE62652-B225-46AD-9D7D-983280B09667}
		{194BF984-A6D7-4CB8-9A5B-133ED627AE82} = {194BF984-A6D7-4CB8-9A5B-133ED627AE82}
		{70DB4F90-0788-4D09-9E4B-87A564F33F35} = {70DB4F90-0788-4D09-9E4B-87A564F33F35}
		{E04972E1-DBF4-4576-B611-096DC242B9AA} = {E04972E1-DBF4-4576-B611-096DC242B9AA}
		{A71398EE-1AF5-4AF7-9924-B8094350FCD4} = {A71398EE-1AF5-4AF7-9924-B8094350FCD4}
		{37C6D7FF-B564-4CA5-964D-76FF8EE1302B} = {37C6D7FF-B564-4CA5-964D-76FF8EE1302B}
	EndProjectSection
EndProject
Project("{8BC9CEB8-8B4A-11D0-8D11-00A0C91BC942}") = "demoDll", "cximage-6.0.0\demo\demoDLL.vcproj", "{6A3BC91D-A33A-4878-8217-E8F8E07340C7}"
	ProjectSection(ProjectDependencies) = postProject
		{2D649C7E-BD43-484E-A5FD-775B4F5851EC} = {2D649C7E-BD43-484E-A5FD-775B4F5851EC}
	EndProjectSection
EndProject
Project("{8BC9CEB8-8B4A-11D0-8D11-00A0C91BC942}") = "jasper", "cximage-6.0.0\jasper\jasper.vcproj", "{9EE62652-B225-46AD-9D7D-983280B09667}"
EndProject
Project("{8BC9CEB8-8B4A-11D0-8D11-00A0C91BC942}") = "jbig", "cximage-6.0.0\jbig\jbig.vcproj", "{E04972E1-DBF4-4576-B611-096DC242B9AA}"
EndProject
Project("{8BC9CEB8-8B4A-11D0-8D11-00A0C91BC942}") = "jpeg", "cximage-6.0.0\jpeg\Jpeg.vcproj", "{37C6D7FF-B564-4CA5-964D-76FF8EE1302B}"
EndProject
Project("{8BC9CEB8-8B4A-11D0-8D11-00A0C91BC942}") = "libdcr", "cximage-6.0.0\raw\libdcr.vcproj", "{194BF984-A6D7-4CB8-9A5B-133ED627AE82}"
EndProject
Project("{8BC9CEB8-8B4A-11D0-8D11-00A0C91BC942}") = "mng", "cximage-6.0.0\mng\mng.vcproj", "{70DB4F90-0788-4D09-9E4B-87A564F33F35}"
EndProject
Project("{8BC9CEB8-8B4A-11D0-8D11-00A0C91BC942}") = "png", "cximage-6.0.0\png\png.vcproj", "{C4DF5005-D4FF-41EC-9257-C3913C87AE70}"
EndProject
Project("{8BC9CEB8-8B4A-11D0-8D11-00A0C91BC942}") = "tiff", "cximage-6.0.0\tiff\Tiff.vcproj", "{A71398EE-1AF5-4AF7-9924-B8094350FCD4}"
EndProject
Project("{8BC9CEB8-8B4A-11D0-8D11-00A0C91BC942}") = "zlib", "cximage-6.0.0\zlib\zlib.vcproj", "{53068B24-EA61-4773-BB89-52A65EE86155}"
EndProject
Project("{8BC9CEB8-8B4A-11D0-8D11-00A0C91BC942}") = "Console", "Console\Console.vcproj", "{D5F6F3A5-37E3-4F6E-B4B1-47E1EB2F5B06}"
EndProject
Project("{2150E333-8FDC-42A3-9474-1A3956D46DE8}") = "Solution Items", "Solution Items", "{7B4399F7-967A-4A07-AF45-B0C028D80B11}"
	ProjectSection(SolutionItems) = preProject
		geos-3.2.2\AUTHORS = geos-3.2.2\AUTHORS
		geos-3.2.2\COPYING = geos-3.2.2\COPYING
		geos-3.2.2\INSTALL = geos-3.2.2\INSTALL
		geos-3.2.2\build\msvc90\Makefile.am = geos-3.2.2\build\msvc90\Makefile.am
		geos-3.2.2\makefile.vc = geos-3.2.2\makefile.vc
		geos-3.2.2\NEWS = geos-3.2.2\NEWS
		geos-3.2.2\nmake.opt = geos-3.2.2\nmake.opt
		geos-3.2.2\README = geos-3.2.2\README
		geos-3.2.2\TODO = geos-3.2.2\TODO
	EndProjectSection
EndProject
Project("{8BC9CEB8-8B4A-11D0-8D11-00A0C91BC942}") = "geos_lib", "geos-3.2.2\build\msvc90\geos_lib\geos_lib.vcproj", "{108E75A3-0A92-489A-B1A9-8F071D40A108}"
EndProject
Project("{8BC9CEB8-8B4A-11D0-8D11-00A0C91BC942}") = "geos_c_dll", "geos-3.2.2\build\msvc90\geos_c_dll\geos_c_dll.vcproj", "{CDBC2FB8-2995-49DE-B80B-B7BE0E4C1115}"
	ProjectSection(ProjectDependencies) = postProject
		{108E75A3-0A92-489A-B1A9-8F071D40A108} = {108E75A3-0A92-489A-B1A9-8F071D40A108}
	EndProjectSection
EndProject
Global
	GlobalSection(SolutionConfigurationPlatforms) = preSolution
		Debug|Win32 = Debug|Win32
		Release|Win32 = Release|Win32
		Unicode Debug|Win32 = Unicode Debug|Win32
		Unicode Release|Win32 = Unicode Release|Win32
	EndGlobalSection
	GlobalSection(ProjectConfigurationPlatforms) = postSolution
		{F441B912-97C5-4BE4-9C42-69EE38ADF72D}.Debug|Win32.ActiveCfg = Debug|Win32
		{F441B912-97C5-4BE4-9C42-69EE38ADF72D}.Debug|Win32.Build.0 = Debug|Win32
		{F441B912-97C5-4BE4-9C42-69EE38ADF72D}.Release|Win32.ActiveCfg = Release|Win32
		{F441B912-97C5-4BE4-9C42-69EE38ADF72D}.Release|Win32.Build.0 = Release|Win32
		{F441B912-97C5-4BE4-9C42-69EE38ADF72D}.Unicode Debug|Win32.ActiveCfg = Debug|Win32
		{F441B912-97C5-4BE4-9C42-69EE38ADF72D}.Unicode Debug|Win32.Build.0 = Debug|Win32
		{F441B912-97C5-4BE4-9C42-69EE38ADF72D}.Unicode Release|Win32.ActiveCfg = Release|Win32
		{F441B912-97C5-4BE4-9C42-69EE38ADF72D}.Unicode Release|Win32.Build.0 = Release|Win32
		{C09BEE0F-7548-49B5-BD34-CC917894A4C8}.Debug|Win32.ActiveCfg = Debug|Win32
		{C09BEE0F-7548-49B5-BD34-CC917894A4C8}.Debug|Win32.Build.0 = Debug|Win32
		{C09BEE0F-7548-49B5-BD34-CC917894A4C8}.Release|Win32.ActiveCfg = Release|Win32
		{C09BEE0F-7548-49B5-BD34-CC917894A4C8}.Release|Win32.Build.0 = Release|Win32
		{C09BEE0F-7548-49B5-BD34-CC917894A4C8}.Unicode Debug|Win32.ActiveCfg = Debug|Win32
		{C09BEE0F-7548-49B5-BD34-CC917894A4C8}.Unicode Debug|Win32.Build.0 = Debug|Win32
		{C09BEE0F-7548-49B5-BD34-CC917894A4C8}.Unicode Release|Win32.ActiveCfg = Release|Win32
		{C09BEE0F-7548-49B5-BD34-CC917894A4C8}.Unicode Release|Win32.Build.0 = Release|Win32
		{EBFC4388-EF90-4E30-86CB-2E6E848E69A4}.Debug|Win32.ActiveCfg = Debug|Win32
		{EBFC4388-EF90-4E30-86CB-2E6E848E69A4}.Debug|Win32.Build.0 = Debug|Win32
		{EBFC4388-EF90-4E30-86CB-2E6E848E69A4}.Release|Win32.ActiveCfg = Release|Win32
		{EBFC4388-EF90-4E30-86CB-2E6E848E69A4}.Release|Win32.Build.0 = Release|Win32
		{EBFC4388-EF90-4E30-86CB-2E6E848E69A4}.Unicode Debug|Win32.ActiveCfg = Debug|Win32
		{EBFC4388-EF90-4E30-86CB-2E6E848E69A4}.Unicode Debug|Win32.Build.0 = Debug|Win32
		{EBFC4388-EF90-4E30-86CB-2E6E848E69A4}.Unicode Release|Win32.ActiveCfg = Release|Win32
		{EBFC4388-EF90-4E30-86CB-2E6E848E69A4}.Unicode Release|Win32.Build.0 = Release|Win32
		{932D4B38-8311-4A53-8672-7770B48B4E85}.Debug|Win32.ActiveCfg = Debug|Win32
		{932D4B38-8311-4A53-8672-7770B48B4E85}.Debug|Win32.Build.0 = Debug|Win32
		{932D4B38-8311-4A53-8672-7770B48B4E85}.Release|Win32.ActiveCfg = Release|Win32
		{932D4B38-8311-4A53-8672-7770B48B4E85}.Release|Win32.Build.0 = Release|Win32
		{932D4B38-8311-4A53-8672-7770B48B4E85}.Unicode Debug|Win32.ActiveCfg = Debug|Win32
		{932D4B38-8311-4A53-8672-7770B48B4E85}.Unicode Debug|Win32.Build.0 = Debug|Win32
		{932D4B38-8311-4A53-8672-7770B48B4E85}.Unicode Release|Win32.ActiveCfg = Release|Win32
		{932D4B38-8311-4A53-8672-7770B48B4E85}.Unicode Release|Win32.Build.0 = Release|Win32
		{F82826E8-91A7-4435-B0E2-85A2499E49CC}.Debug|Win32.ActiveCfg = Debug|Win32
		{F82826E8-91A7-4435-B0E2-85A2499E49CC}.Debug|Win32.Build.0 = Debug|Win32
		{F82826E8-91A7-4435-B0E2-85A2499E49CC}.Release|Win32.ActiveCfg = Release|Win32
		{F82826E8-91A7-4435-B0E2-85A2499E49CC}.Release|Win32.Build.0 = Release|Win32
		{F82826E8-91A7-4435-B0E2-85A2499E49CC}.Unicode Debug|Win32.ActiveCfg = Debug|Win32
		{F82826E8-91A7-4435-B0E2-85A2499E49CC}.Unicode Debug|Win32.Build.0 = Debug|Win32
		{F82826E8-91A7-4435-B0E2-85A2499E49CC}.Unicode Release|Win32.ActiveCfg = Release|Win32
		{F82826E8-91A7-4435-B0E2-85A2499E49CC}.Unicode Release|Win32.Build.0 = Release|Win32
		{227A312C-3C05-42A2-90D4-3A9A8CAEAC44}.Debug|Win32.ActiveCfg = Debug|Win32
		{227A312C-3C05-42A2-90D4-3A9A8CAEAC44}.Debug|Win32.Build.0 = Debug|Win32
		{227A312C-3C05-42A2-90D4-3A9A8CAEAC44}.Release|Win32.ActiveCfg = Release|Win32
		{227A312C-3C05-42A2-90D4-3A9A8CAEAC44}.Release|Win32.Build.0 = Release|Win32
		{227A312C-3C05-42A2-90D4-3A9A8CAEAC44}.Unicode Debug|Win32.ActiveCfg = Unicode Debug|Win32
		{227A312C-3C05-42A2-90D4-3A9A8CAEAC44}.Unicode Debug|Win32.Build.0 = Unicode Debug|Win32
		{227A312C-3C05-42A2-90D4-3A9A8CAEAC44}.Unicode Release|Win32.ActiveCfg = Unicode Release|Win32
		{227A312C-3C05-42A2-90D4-3A9A8CAEAC44}.Unicode Release|Win32.Build.0 = Unicode Release|Win32
		{2D649C7E-BD43-484E-A5FD-775B4F5851EC}.Debug|Win32.ActiveCfg = Debug|Win32
		{2D649C7E-BD43-484E-A5FD-775B4F5851EC}.Debug|Win32.Build.0 = Debug|Win32
		{2D649C7E-BD43-484E-A5FD-775B4F5851EC}.Release|Win32.ActiveCfg = Release|Win32
		{2D649C7E-BD43-484E-A5FD-775B4F5851EC}.Release|Win32.Build.0 = Release|Win32
		{2D649C7E-BD43-484E-A5FD-775B4F5851EC}.Unicode Debug|Win32.ActiveCfg = Unicode Debug|Win32
		{2D649C7E-BD43-484E-A5FD-775B4F5851EC}.Unicode Debug|Win32.Build.0 = Unicode Debug|Win32
		{2D649C7E-BD43-484E-A5FD-775B4F5851EC}.Unicode Release|Win32.ActiveCfg = Unicode Release|Win32
		{2D649C7E-BD43-484E-A5FD-775B4F5851EC}.Unicode Release|Win32.Build.0 = Unicode Release|Win32
		{12DA9937-3B78-453D-B81E-411356E309BE}.Debug|Win32.ActiveCfg = Debug|Win32
		{12DA9937-3B78-453D-B81E-411356E309BE}.Debug|Win32.Build.0 = Debug|Win32
		{12DA9937-3B78-453D-B81E-411356E309BE}.Release|Win32.ActiveCfg = Release|Win32
		{12DA9937-3B78-453D-B81E-411356E309BE}.Release|Win32.Build.0 = Release|Win32
		{12DA9937-3B78-453D-B81E-411356E309BE}.Unicode Debug|Win32.ActiveCfg = Unicode Debug|Win32
		{12DA9937-3B78-453D-B81E-411356E309BE}.Unicode Debug|Win32.Build.0 = Unicode Debug|Win32
		{12DA9937-3B78-453D-B81E-411356E309BE}.Unicode Release|Win32.ActiveCfg = Unicode Release|Win32
		{12DA9937-3B78-453D-B81E-411356E309BE}.Unicode Release|Win32.Build.0 = Unicode Release|Win32
		{CC734EEB-B512-4710-8A41-E70ADCF1EE01}.Debug|Win32.ActiveCfg = Debug|Win32
		{CC734EEB-B512-4710-8A41-E70ADCF1EE01}.Debug|Win32.Build.0 = Debug|Win32
		{CC734EEB-B512-4710-8A41-E70ADCF1EE01}.Release|Win32.ActiveCfg = Release|Win32
		{CC734EEB-B512-4710-8A41-E70ADCF1EE01}.Release|Win32.Build.0 = Release|Win32
		{CC734EEB-B512-4710-8A41-E70ADCF1EE01}.Unicode Debug|Win32.ActiveCfg = Unicode Debug|Win32
		{CC734EEB-B512-4710-8A41-E70ADCF1EE01}.Unicode Debug|Win32.Build.0 = Unicode Debug|Win32
		{CC734EEB-B512-4710-8A41-E70ADCF1EE01}.Unicode Release|Win32.ActiveCfg = Unicode Release|Win32
		{CC734EEB-B512-4710-8A41-E70ADCF1EE01}.Unicode Release|Win32.Build.0 = Unicode Release|Win32
		{6A3BC91D-A33A-4878-8217-E8F8E07340C7}.Debug|Win32.ActiveCfg = Debug|Win32
		{6A3BC91D-A33A-4878-8217-E8F8E07340C7}.Debug|Win32.Build.0 = Debug|Win32
		{6A3BC91D-A33A-4878-8217-E8F8E07340C7}.Release|Win32.ActiveCfg = Release|Win32
		{6A3BC91D-A33A-4878-8217-E8F8E07340C7}.Release|Win32.Build.0 = Release|Win32
		{6A3BC91D-A33A-4878-8217-E8F8E07340C7}.Unicode Debug|Win32.ActiveCfg = Unicode Debug|Win32
		{6A3BC91D-A33A-4878-8217-E8F8E07340C7}.Unicode Debug|Win32.Build.0 = Unicode Debug|Win32
		{6A3BC91D-A33A-4878-8217-E8F8E07340C7}.Unicode Release|Win32.ActiveCfg = Unicode Release|Win32
		{6A3BC91D-A33A-4878-8217-E8F8E07340C7}.Unicode Release|Win32.Build.0 = Unicode Release|Win32
		{9EE62652-B225-46AD-9D7D-983280B09667}.Debug|Win32.ActiveCfg = Debug|Win32
		{9EE62652-B225-46AD-9D7D-983280B09667}.Debug|Win32.Build.0 = Debug|Win32
		{9EE62652-B225-46AD-9D7D-983280B09667}.Release|Win32.ActiveCfg = Release|Win32
		{9EE62652-B225-46AD-9D7D-983280B09667}.Release|Win32.Build.0 = Release|Win32
		{9EE62652-B225-46AD-9D7D-983280B09667}.Unicode Debug|Win32.ActiveCfg = Unicode Debug|Win32
		{9EE62652-B225-46AD-9D7D-983280B09667}.Unicode Debug|Win32.Build.0 = Unicode Debug|Win32
		{9EE62652-B225-46AD-9D7D-983280B09667}.Unicode Release|Win32.ActiveCfg = Unicode Release|Win32
		{9EE62652-B225-46AD-9D7D-983280B09667}.Unicode Release|Win32.Build.0 = Unicode Release|Win32
		{E04972E1-DBF4-4576-B611-096DC242B9AA}.Debug|Win32.ActiveCfg = Debug|Win32
		{E04972E1-DBF4-4576-B611-096DC242B9AA}.Debug|Win32.Build.0 = Debug|Win32
		{E04972E1-DBF4-4576-B611-096DC242B9AA}.Release|Win32.ActiveCfg = Release|Win32
		{E04972E1-DBF4-4576-B611-096DC242B9AA}.Release|Win32.Build.0 = Release|Win32
		{E04972E1-DBF4-4576-B611-096DC242B9AA}.Unicode Debug|Win32.ActiveCfg = Unicode Debug|Win32
		{E04972E1-DBF4-4576-B611-096DC242B9AA}.Unicode Debug|Win32.Build.0 = Unicode Debug|Win32
		{E04972E1-DBF4-4576-B611-096DC242B9AA}.Unicode Release|Win32.ActiveCfg = Unicode Release|Win32
		{E04972E1-DBF4-4576-B611-096DC242B9AA}.Unicode Release|Win32.Build.0 = Unicode Release|Win32
		{37C6D7FF-B564-4CA5-964D-76FF8EE1302B}.Debug|Win32.ActiveCfg = Debug|Win32
		{37C6D7FF-B564-4CA5-964D-76FF8EE1302B}.Debug|Win32.Build.0 = Debug|Win32
		{37C6D7FF-B564-4CA5-964D-76FF8EE1302B}.Release|Win32.ActiveCfg = Release|Win32
		{37C6D7FF-B564-4CA5-964D-76FF8EE1302B}.Release|Win32.Build.0 = Release|Win32
		{37C6D7FF-B564-4CA5-964D-76FF8EE1302B}.Unicode Debug|Win32.ActiveCfg = Unicode Debug|Win32
		{37C6D7FF-B564-4CA5-964D-76FF8EE1302B}.Unicode Debug|Win32.Build.0 = Unicode Debug|Win32
		{37C6D7FF-B564-4CA5-964D-76FF8EE1302B}.Unicode Release|Win32.ActiveCfg = Unicode Release|Win32
		{37C6D7FF-B564-4CA5-964D-76FF8EE1302B}.Unicode Release|Win32.Build.0 = Unicode Release|Win32
		{194BF984-A6D7-4CB8-9A5B-133ED627AE82}.Debug|Win32.ActiveCfg = Debug|Win32
		{194BF984-A6D7-4CB8-9A5B-133ED627AE82}.Debug|Win32.Build.0 = Debug|Win32
		{194BF984-A6D7-4CB8-9A5B-133ED627AE82}.Release|Win32.ActiveCfg = Release|Win32
		{194BF984-A6D7-4CB8-9A5B-133ED627AE82}.Release|Win32.Build.0 = Release|Win32
		{194BF984-A6D7-4CB8-9A5B-133ED627AE82}.Unicode Debug|Win32.ActiveCfg = Unicode Debug|Win32
		{194BF984-A6D7-4CB8-9A5B-133ED627AE82}.Unicode Debug|Win32.Build.0 = Unicode Debug|Win32
		{194BF984-A6D7-4CB8-9A5B-133ED627AE82}.Unicode Release|Win32.ActiveCfg = Unicode Release|Win32
		{194BF984-A6D7-4CB8-9A5B-133ED627AE82}.Unicode Release|Win32.Build.0 = Unicode Release|Win32
		{70DB4F90-0788-4D09-9E4B-87A564F33F35}.Debug|Win32.ActiveCfg = Debug|Win32
		{70DB4F90-0788-4D09-9E4B-87A564F33F35}.Debug|Win32.Build.0 = Debug|Win32
		{70DB4F90-0788-4D09-9E4B-87A564F33F35}.Release|Win32.ActiveCfg = Release|Win32
		{70DB4F90-0788-4D09-9E4B-87A564F33F35}.Release|Win32.Build.0 = Release|Win32
		{70DB4F90-0788-4D09-9E4B-87A564F33F35}.Unicode Debug|Win32.ActiveCfg = Unicode Debug|Win32
		{70DB4F90-0788-4D09-9E4B-87A564F33F35}.Unicode Debug|Win32.Build.0 = Unicode Debug|Win32
		{70DB4F90-0788-4D09-9E4B-87A564F33F35}.Unicode Release|Win32.ActiveCfg = Unicode Release|Win32
		{70DB4F90-0788-4D09-9E4B-87A564F33F35}.Unicode Release|Win32.Build.0 = Unicode Release|Win32
		{C4DF5005-D4FF-41EC-9257-C3913C87AE70}.Debug|Win32.ActiveCfg = Debug|Win32
		{C4DF5005-D4FF-41EC-9257-C3913C87AE70}.Debug|Win32.Build.0 = Debug|Win32
		{C4DF5005-D4FF-41EC-9257-C3913C87AE70}.Release|Win32.ActiveCfg = Release|Win32
		{C4DF5005-D4FF-41EC-9257-C3913C87AE70}.Release|Win32.Build.0 = Release|Win32
		{C4DF5005-D4FF-41EC-9257-C3913C87AE70}.Unicode Debug|Win32.ActiveCfg = Unicode Debug|Win32
		{C4DF5005-D4FF-41EC-9257-C3913C87AE70}.Unicode Debug|Win32.Build.0 = Unicode Debug|Win32
		{C4DF5005-D4FF-41EC-9257-C3913C87AE70}.Unicode Release|Win32.ActiveCfg = Unicode Release|Win32
		{C4DF5005-D4FF-41EC-9257-C3913C87AE70}.Unicode Release|Win32.Build.0 = Unicode Release|Win32
		{A71398EE-1AF5-4AF7-9924-B8094350FCD4}.Debug|Win32.ActiveCfg = Debug|Win32
		{A71398EE-1AF5-4AF7-9924-B8094350FCD4}.Debug|Win32.Build.0 = Debug|Win32
		{A71398EE-1AF5-4AF7-9924-B8094350FCD4}.Release|Win32.ActiveCfg = Release|Win32
		{A71398EE-1AF5-4AF7-9924-B8094350FCD4}.Release|Win32.Build.0 = Release|Win32
		{A71398EE-1AF5-4AF7-9924-B8094350FCD4}.Unicode Debug|Win32.ActiveCfg = Unicode Debug|Win32
		{A71398EE-1AF5-4AF7-9924-B8094350FCD4}.Unicode Debug|Win32.Build.0 = Unicode Debug|Win32
		{A71398EE-1AF5-4AF7-9924-B8094350FCD4}.Unicode Release|Win32.ActiveCfg = Unicode Release|Win32
		{A71398EE-1AF5-4AF7-9924-B8094350FCD4}.Unicode Release|Win32.Build.0 = Unicode Release|Win32
		{53068B24-EA61-4773-BB89-52A65EE86155}.Debug|Win32.ActiveCfg = Debug|Win32
		{53068B24-EA61-4773-BB89-52A65EE86155}.Debug|Win32.Build.0 = Debug|Win32
		{53068B24-EA61-4773-BB89-52A65EE86155}.Release|Win32.ActiveCfg = Release|Win32
		{53068B24-EA61-4773-BB89-52A65EE86155}.Release|Win32.Build.0 = Release|Win32
		{53068B24-EA61-4773-BB89-52A65EE86155}.Unicode Debug|Win32.ActiveCfg = Unicode Debug|Win32
		{53068B24-EA61-4773-BB89-52A65EE86155}.Unicode Debug|Win32.Build.0 = Unicode Debug|Win32
		{53068B24-EA61-4773-BB89-52A65EE86155}.Unicode Release|Win32.ActiveCfg = Unicode Release|Win32
		{53068B24-EA61-4773-BB89-52A65EE86155}.Unicode Release|Win32.Build.0 = Unicode Release|Win32
		{D5F6F3A5-37E3-4F6E-B4B1-47E1EB2F5B06}.Debug|Win32.ActiveCfg = Debug|Win32
		{D5F6F3A5-37E3-4F6E-B4B1-47E1EB2F5B06}.Debug|Win32.Build.0 = Debug|Win32
		{D5F6F3A5-37E3-4F6E-B4B1-47E1EB2F5B06}.Release|Win32.ActiveCfg = Release|Win32
		{D5F6F3A5-37E3-4F6E-B4B1-47E1EB2F5B06}.Release|Win32.Build.0 = Release|Win32
		{D5F6F3A5-37E3-4F6E-B4B1-47E1EB2F5B06}.Unicode Debug|Win32.ActiveCfg = Debug|Win32
		{D5F6F3A5-37E3-4F6E-B4B1-47E1EB2F5B06}.Unicode Debug|Win32.Build.0 = Debug|Win32
		{D5F6F3A5-37E3-4F6E-B4B1-47E1EB2F5B06}.Unicode Release|Win32.ActiveCfg = Release|Win32
		{D5F6F3A5-37E3-4F6E-B4B1-47E1EB2F5B06}.Unicode Release|Win32.Build.0 = Release|Win32
		{108E75A3-0A92-489A-B1A9-8F071D40A108}.Debug|Win32.ActiveCfg = Debug|Win32
		{108E75A3-0A92-489A-B1A9-8F071D40A108}.Debug|Win32.Build.0 = Debug|Win32
		{108E75A3-0A92-489A-B1A9-8F071D40A108}.Release|Win32.ActiveCfg = Release|Win32
		{108E75A3-0A92-489A-B1A9-8F071D40A108}.Release|Win32.Build.0 = Release|Win32
		{108E75A3-0A92-489A-B1A9-8F071D40A108}.Unicode Debug|Win32.ActiveCfg = Debug|Win32
		{108E75A3-0A92-489A-B1A9-8F071D40A108}.Unicode Debug|Win32.Build.0 = Debug|Win32
		{108E75A3-0A92-489A-B1A9-8F071D40A108}.Unicode Release|Win32.ActiveCfg = Release|Win32
		{108E75A3-0A92-489A-B1A9-8F071D40A108}.Unicode Release|Win32.Build.0 = Release|Win32
		{CDBC2FB8-2995-49DE-B80B-B7BE0E4C1115}.Debug|Win32.ActiveCfg = Debug|Win32
		{CDBC2FB8-2995-49DE-B80B-B7BE0E4C1115}.Debug|Win32.Build.0 = Debug|Win32
		{CDBC2FB8-2995-49DE-B80B-B7BE0E4C1115}.Release|Win32.ActiveCfg = Release|Win32
		{CDBC2FB8-2995-49DE-B80B-B7BE0E4C1115}.Release|Win32.Build.0 = Release|Win32
		{CDBC2FB8-2995-49DE-B80B-B7BE0E4C1115}.Unicode Debug|Win32.ActiveCfg = Debug|Win32
		{CDBC2FB8-2995-49DE-B80B-B7BE0E4C1115}.Unicode Debug|Win32.Build.0 = Debug|Win32
		{CDBC2FB8-2995-49DE-B80B-B7BE0E4C1115}.Unicode Release|Win32.ActiveCfg = Release|Win32
		{CDBC2FB8-2995-49DE-B80B-B7BE0E4C1115}.Unicode Release|Win32.Build.0 = Release|Win32
	EndGlobalSection
	GlobalSection(SolutionProperties) = preSolution
		HideSolutionNode = FALSE
	EndGlobalSection
	GlobalSection(NestedProjects) = preSolution
		{5482CBB1-90BD-4A5D-A98D-9F08816AB8C5} = {F50B083C-D9E8-40D8-A1CF-EDA25DC58AF7}
		{F441B912-97C5-4BE4-9C42-69EE38ADF72D} = {C7FBEE90-2A42-415E-A35F-9FEED4CBC71A}
		{F82826E8-91A7-4435-B0E2-85A2499E49CC} = {C7FBEE90-2A42-415E-A35F-9FEED4CBC71A}
		{C09BEE0F-7548-49B5-BD34-CC917894A4C8} = {205BDB71-E6B2-4CC8-827D-3486FAA04F0C}
		{8584EE81-D4E9-4EC7-ABF2-389E5F9D0107} = {3E49F47A-93BA-4611-8693-29BF3B20E761}
		{DE12774F-61D8-4DD8-A855-C4593CAD61FB} = {3E49F47A-93BA-4611-8693-29BF3B20E761}
		{EBFC4388-EF90-4E30-86CB-2E6E848E69A4} = {3E49F47A-93BA-4611-8693-29BF3B20E761}
		{932D4B38-8311-4A53-8672-7770B48B4E85} = {3E49F47A-93BA-4611-8693-29BF3B20E761}
		{D5F6F3A5-37E3-4F6E-B4B1-47E1EB2F5B06} = {3E49F47A-93BA-4611-8693-29BF3B20E761}
		{7B4399F7-967A-4A07-AF45-B0C028D80B11} = {8584EE81-D4E9-4EC7-ABF2-389E5F9D0107}
		{108E75A3-0A92-489A-B1A9-8F071D40A108} = {8584EE81-D4E9-4EC7-ABF2-389E5F9D0107}
		{CDBC2FB8-2995-49DE-B80B-B7BE0E4C1115} = {8584EE81-D4E9-4EC7-ABF2-389E5F9D0107}
		{227A312C-3C05-42A2-90D4-3A9A8CAEAC44} = {DE12774F-61D8-4DD8-A855-C4593CAD61FB}
		{2D649C7E-BD43-484E-A5FD-775B4F5851EC} = {DE12774F-61D8-4DD8-A855-C4593CAD61FB}
		{12DA9937-3B78-453D-B81E-411356E309BE} = {DE12774F-61D8-4DD8-A855-C4593CAD61FB}
		{CC734EEB-B512-4710-8A41-E70ADCF1EE01} = {DE12774F-61D8-4DD8-A855-C4593CAD61FB}
		{6A3BC91D-A33A-4878-8217-E8F8E07340C7} = {DE12774F-61D8-4DD8-A855-C4593CAD61FB}
		{9EE62652-B225-46AD-9D7D-983280B09667} = {DE12774F-61D8-4DD8-A855-C4593CAD61FB}
		{E04972E1-DBF4-4576-B611-096DC242B9AA} = {DE12774F-61D8-4DD8-A855-C4593CAD61FB}
		{37C6D7FF-B564-4CA5-964D-76FF8EE1302B} = {DE12774F-61D8-4DD8-A855-C4593CAD61FB}
		{194BF984-A6D7-4CB8-9A5B-133ED627AE82} = {DE12774F-61D8-4DD8-A855-C4593CAD61FB}
		{70DB4F90-0788-4D09-9E4B-87A564F33F35} = {DE12774F-61D8-4DD8-A855-C4593CAD61FB}
		{C4DF5005-D4FF-41EC-9257-C3913C87AE70} = {DE12774F-61D8-4DD8-A855-C4593CAD61FB}
		{A71398EE-1AF5-4AF7-9924-B8094350FCD4} = {DE12774F-61D8-4DD8-A855-C4593CAD61FB}
		{53068B24-EA61-4773-BB89-52A65EE86155} = {DE12774F-61D8-4DD8-A855-C4593CAD61FB}
	EndGlobalSection
EndGlobal
