
Microsoft Visual Studio Solution File, Format Version 9.00
# Visual Studio 2005
Project("{8BC9CEB8-8B4A-11D0-8D11-00A0C91BC942}") = "CxImage", "cximage\cximage.vcproj", "{227A312C-3C05-42A2-90D4-3A9A8CAEAC44}"
EndProject
Project("{8BC9CEB8-8B4A-11D0-8D11-00A0C91BC942}") = "CxImageCrtDll", "CxImage\CxImageDLL\CxImageCrtDll.vcproj", "{2D649C7E-BD43-484E-A5FD-775B4F5851EC}"
	ProjectSection(ProjectDependencies) = postProject
		{E04972E1-DBF4-4576-B611-096DC242B9AA} = {E04972E1-DBF4-4576-B611-096DC242B9AA}
		{37C6D7FF-B564-4CA5-964D-76FF8EE1302B} = {37C6D7FF-B564-4CA5-964D-76FF8EE1302B}
		{C4DF5005-D4FF-41EC-9257-C3913C87AE70} = {C4DF5005-D4FF-41EC-9257-C3913C87AE70}
		{A71398EE-1AF5-4AF7-9924-B8094350FCD4} = {A71398EE-1AF5-4AF7-9924-B8094350FCD4}
		{53068B24-EA61-4773-BB89-52A65EE86155} = {53068B24-EA61-4773-BB89-52A65EE86155}
		{9EE62652-B225-46AD-9D7D-983280B09667} = {9EE62652-B225-46AD-9D7D-983280B09667}
		{70DB4F90-0788-4D09-9E4B-87A564F33F35} = {70DB4F90-0788-4D09-9E4B-87A564F33F35}
		{194BF984-A6D7-4CB8-9A5B-133ED627AE82} = {194BF984-A6D7-4CB8-9A5B-133ED627AE82}
	EndProjectSection
EndProject
Project("{8BC9CEB8-8B4A-11D0-8D11-00A0C91BC942}") = "CxImageMfcDll", "CxImage\CxImageDLL\cximagemfcdll.vcproj", "{12DA9937-3B78-453D-B81E-411356E309BE}"
	ProjectSection(ProjectDependencies) = postProject
		{E04972E1-DBF4-4576-B611-096DC242B9AA} = {E04972E1-DBF4-4576-B611-096DC242B9AA}
		{37C6D7FF-B564-4CA5-964D-76FF8EE1302B} = {37C6D7FF-B564-4CA5-964D-76FF8EE1302B}
		{C4DF5005-D4FF-41EC-9257-C3913C87AE70} = {C4DF5005-D4FF-41EC-9257-C3913C87AE70}
		{A71398EE-1AF5-4AF7-9924-B8094350FCD4} = {A71398EE-1AF5-4AF7-9924-B8094350FCD4}
		{53068B24-EA61-4773-BB89-52A65EE86155} = {53068B24-EA61-4773-BB89-52A65EE86155}
		{9EE62652-B225-46AD-9D7D-983280B09667} = {9EE62652-B225-46AD-9D7D-983280B09667}
		{70DB4F90-0788-4D09-9E4B-87A564F33F35} = {70DB4F90-0788-4D09-9E4B-87A564F33F35}
		{194BF984-A6D7-4CB8-9A5B-133ED627AE82} = {194BF984-A6D7-4CB8-9A5B-133ED627AE82}
	EndProjectSection
EndProject
Project("{8BC9CEB8-8B4A-11D0-8D11-00A0C91BC942}") = "demo", "demo\demo.vcproj", "{CC734EEB-B512-4710-8A41-E70ADCF1EE01}"
	ProjectSection(ProjectDependencies) = postProject
		{227A312C-3C05-42A2-90D4-3A9A8CAEAC44} = {227A312C-3C05-42A2-90D4-3A9A8CAEAC44}
		{37C6D7FF-B564-4CA5-964D-76FF8EE1302B} = {37C6D7FF-B564-4CA5-964D-76FF8EE1302B}
		{C4DF5005-D4FF-41EC-9257-C3913C87AE70} = {C4DF5005-D4FF-41EC-9257-C3913C87AE70}
		{A71398EE-1AF5-4AF7-9924-B8094350FCD4} = {A71398EE-1AF5-4AF7-9924-B8094350FCD4}
		{53068B24-EA61-4773-BB89-52A65EE86155} = {53068B24-EA61-4773-BB89-52A65EE86155}
		{70DB4F90-0788-4D09-9E4B-87A564F33F35} = {70DB4F90-0788-4D09-9E4B-87A564F33F35}
		{E04972E1-DBF4-4576-B611-096DC242B9AA} = {E04972E1-DBF4-4576-B611-096DC242B9AA}
		{9EE62652-B225-46AD-9D7D-983280B09667} = {9EE62652-B225-46AD-9D7D-983280B09667}
		{194BF984-A6D7-4CB8-9A5B-133ED627AE82} = {194BF984-A6D7-4CB8-9A5B-133ED627AE82}
	EndProjectSection
EndProject
Project("{8BC9CEB8-8B4A-11D0-8D11-00A0C91BC942}") = "demoDll", "demo\demoDLL.vcproj", "{6A3BC91D-A33A-4878-8217-E8F8E07340C7}"
	ProjectSection(ProjectDependencies) = postProject
		{2D649C7E-BD43-484E-A5FD-775B4F5851EC} = {2D649C7E-BD43-484E-A5FD-775B4F5851EC}
	EndProjectSection
EndProject
Project("{8BC9CEB8-8B4A-11D0-8D11-00A0C91BC942}") = "jasper", "jasper\jasper.vcproj", "{9EE62652-B225-46AD-9D7D-983280B09667}"
EndProject
Project("{8BC9CEB8-8B4A-11D0-8D11-00A0C91BC942}") = "jbig", "jbig\jbig.vcproj", "{E04972E1-DBF4-4576-B611-096DC242B9AA}"
EndProject
Project("{8BC9CEB8-8B4A-11D0-8D11-00A0C91BC942}") = "jpeg", "jpeg\Jpeg.vcproj", "{37C6D7FF-B564-4CA5-964D-76FF8EE1302B}"
EndProject
Project("{8BC9CEB8-8B4A-11D0-8D11-00A0C91BC942}") = "libdcr", "raw\libdcr.vcproj", "{194BF984-A6D7-4CB8-9A5B-133ED627AE82}"
EndProject
Project("{8BC9CEB8-8B4A-11D0-8D11-00A0C91BC942}") = "mng", "mng\mng.vcproj", "{70DB4F90-0788-4D09-9E4B-87A564F33F35}"
EndProject
Project("{8BC9CEB8-8B4A-11D0-8D11-00A0C91BC942}") = "png", "png\png.vcproj", "{C4DF5005-D4FF-41EC-9257-C3913C87AE70}"
EndProject
Project("{8BC9CEB8-8B4A-11D0-8D11-00A0C91BC942}") = "tiff", "tiff\Tiff.vcproj", "{A71398EE-1AF5-4AF7-9924-B8094350FCD4}"
EndProject
Project("{8BC9CEB8-8B4A-11D0-8D11-00A0C91BC942}") = "zlib", "zlib\zlib.vcproj", "{53068B24-EA61-4773-BB89-52A65EE86155}"
EndProject
Global
	GlobalSection(SolutionConfigurationPlatforms) = preSolution
		Debug|Win32 = Debug|Win32
		Release|Win32 = Release|Win32
		Unicode Debug|Win32 = Unicode Debug|Win32
		Unicode Release|Win32 = Unicode Release|Win32
	EndGlobalSection
	GlobalSection(ProjectConfigurationPlatforms) = postSolution
		{227A312C-3C05-42A2-90D4-3A9A8CAEAC44}.Debug|Win32.ActiveCfg = Debug|Win32
		{227A312C-3C05-42A2-90D4-3A9A8CAEAC44}.Debug|Win32.Build.0 = Debug|Win32
		{227A312C-3C05-42A2-90D4-3A9A8CAEAC44}.Release|Win32.ActiveCfg = Release|Win32
		{227A312C-3C05-42A2-90D4-3A9A8CAEAC44}.Release|Win32.Build.0 = Release|Win32
		{227A312C-3C05-42A2-90D4-3A9A8CAEAC44}.Unicode Debug|Win32.ActiveCfg = Unicode Debug|Win32
		{227A312C-3C05-42A2-90D4-3A9A8CAEAC44}.Unicode Debug|Win32.Build.0 = Unicode Debug|Win32
		{227A312C-3C05-42A2-90D4-3A9A8CAEAC44}.Unicode Release|Win32.ActiveCfg = Unicode Release|Win32
		{227A312C-3C05-42A2-90D4-3A9A8CAEAC44}.Unicode Release|Win32.Build.0 = Unicode Release|Win32
		{2D649C7E-BD43-484E-A5FD-775B4F5851EC}.Debug|Win32.ActiveCfg = Debug|Win32
		{2D649C7E-BD43-484E-A5FD-775B4F5851EC}.Debug|Win32.Build.0 = Debug|Win32
		{2D649C7E-BD43-484E-A5FD-775B4F5851EC}.Release|Win32.ActiveCfg = Release|Win32
		{2D649C7E-BD43-484E-A5FD-775B4F5851EC}.Release|Win32.Build.0 = Release|Win32
		{2D649C7E-BD43-484E-A5FD-775B4F5851EC}.Unicode Debug|Win32.ActiveCfg = Unicode Debug|Win32
		{2D649C7E-BD43-484E-A5FD-775B4F5851EC}.Unicode Debug|Win32.Build.0 = Unicode Debug|Win32
		{2D649C7E-BD43-484E-A5FD-775B4F5851EC}.Unicode Release|Win32.ActiveCfg = Unicode Release|Win32
		{2D649C7E-BD43-484E-A5FD-775B4F5851EC}.Unicode Release|Win32.Build.0 = Unicode Release|Win32
		{12DA9937-3B78-453D-B81E-411356E309BE}.Debug|Win32.ActiveCfg = Debug|Win32
		{12DA9937-3B78-453D-B81E-411356E309BE}.Debug|Win32.Build.0 = Debug|Win32
		{12DA9937-3B78-453D-B81E-411356E309BE}.Release|Win32.ActiveCfg = Release|Win32
		{12DA9937-3B78-453D-B81E-411356E309BE}.Release|Win32.Build.0 = Release|Win32
		{12DA9937-3B78-453D-B81E-411356E309BE}.Unicode Debug|Win32.ActiveCfg = Unicode Debug|Win32
		{12DA9937-3B78-453D-B81E-411356E309BE}.Unicode Debug|Win32.Build.0 = Unicode Debug|Win32
		{12DA9937-3B78-453D-B81E-411356E309BE}.Unicode Release|Win32.ActiveCfg = Unicode Release|Win32
		{12DA9937-3B78-453D-B81E-411356E309BE}.Unicode Release|Win32.Build.0 = Unicode Release|Win32
		{CC734EEB-B512-4710-8A41-E70ADCF1EE01}.Debug|Win32.ActiveCfg = Debug|Win32
		{CC734EEB-B512-4710-8A41-E70ADCF1EE01}.Debug|Win32.Build.0 = Debug|Win32
		{CC734EEB-B512-4710-8A41-E70ADCF1EE01}.Release|Win32.ActiveCfg = Release|Win32
		{CC734EEB-B512-4710-8A41-E70ADCF1EE01}.Release|Win32.Build.0 = Release|Win32
		{CC734EEB-B512-4710-8A41-E70ADCF1EE01}.Unicode Debug|Win32.ActiveCfg = Unicode Debug|Win32
		{CC734EEB-B512-4710-8A41-E70ADCF1EE01}.Unicode Debug|Win32.Build.0 = Unicode Debug|Win32
		{CC734EEB-B512-4710-8A41-E70ADCF1EE01}.Unicode Release|Win32.ActiveCfg = Unicode Release|Win32
		{CC734EEB-B512-4710-8A41-E70ADCF1EE01}.Unicode Release|Win32.Build.0 = Unicode Release|Win32
		{6A3BC91D-A33A-4878-8217-E8F8E07340C7}.Debug|Win32.ActiveCfg = Debug|Win32
		{6A3BC91D-A33A-4878-8217-E8F8E07340C7}.Debug|Win32.Build.0 = Debug|Win32
		{6A3BC91D-A33A-4878-8217-E8F8E07340C7}.Release|Win32.ActiveCfg = Release|Win32
		{6A3BC91D-A33A-4878-8217-E8F8E07340C7}.Release|Win32.Build.0 = Release|Win32
		{6A3BC91D-A33A-4878-8217-E8F8E07340C7}.Unicode Debug|Win32.ActiveCfg = Unicode Debug|Win32
		{6A3BC91D-A33A-4878-8217-E8F8E07340C7}.Unicode Debug|Win32.Build.0 = Unicode Debug|Win32
		{6A3BC91D-A33A-4878-8217-E8F8E07340C7}.Unicode Release|Win32.ActiveCfg = Unicode Release|Win32
		{6A3BC91D-A33A-4878-8217-E8F8E07340C7}.Unicode Release|Win32.Build.0 = Unicode Release|Win32
		{9EE62652-B225-46AD-9D7D-983280B09667}.Debug|Win32.ActiveCfg = Debug|Win32
		{9EE62652-B225-46AD-9D7D-983280B09667}.Debug|Win32.Build.0 = Debug|Win32
		{9EE62652-B225-46AD-9D7D-983280B09667}.Release|Win32.ActiveCfg = Release|Win32
		{9EE62652-B225-46AD-9D7D-983280B09667}.Release|Win32.Build.0 = Release|Win32
		{9EE62652-B225-46AD-9D7D-983280B09667}.Unicode Debug|Win32.ActiveCfg = Unicode Debug|Win32
		{9EE62652-B225-46AD-9D7D-983280B09667}.Unicode Debug|Win32.Build.0 = Unicode Debug|Win32
		{9EE62652-B225-46AD-9D7D-983280B09667}.Unicode Release|Win32.ActiveCfg = Unicode Release|Win32
		{9EE62652-B225-46AD-9D7D-983280B09667}.Unicode Release|Win32.Build.0 = Unicode Release|Win32
		{E04972E1-DBF4-4576-B611-096DC242B9AA}.Debug|Win32.ActiveCfg = Debug|Win32
		{E04972E1-DBF4-4576-B611-096DC242B9AA}.Debug|Win32.Build.0 = Debug|Win32
		{E04972E1-DBF4-4576-B611-096DC242B9AA}.Release|Win32.ActiveCfg = Release|Win32
		{E04972E1-DBF4-4576-B611-096DC242B9AA}.Release|Win32.Build.0 = Release|Win32
		{E04972E1-DBF4-4576-B611-096DC242B9AA}.Unicode Debug|Win32.ActiveCfg = Unicode Debug|Win32
		{E04972E1-DBF4-4576-B611-096DC242B9AA}.Unicode Debug|Win32.Build.0 = Unicode Debug|Win32
		{E04972E1-DBF4-4576-B611-096DC242B9AA}.Unicode Release|Win32.ActiveCfg = Unicode Release|Win32
		{E04972E1-DBF4-4576-B611-096DC242B9AA}.Unicode Release|Win32.Build.0 = Unicode Release|Win32
		{37C6D7FF-B564-4CA5-964D-76FF8EE1302B}.Debug|Win32.ActiveCfg = Debug|Win32
		{37C6D7FF-B564-4CA5-964D-76FF8EE1302B}.Debug|Win32.Build.0 = Debug|Win32
		{37C6D7FF-B564-4CA5-964D-76FF8EE1302B}.Release|Win32.ActiveCfg = Release|Win32
		{37C6D7FF-B564-4CA5-964D-76FF8EE1302B}.Release|Win32.Build.0 = Release|Win32
		{37C6D7FF-B564-4CA5-964D-76FF8EE1302B}.Unicode Debug|Win32.ActiveCfg = Unicode Debug|Win32
		{37C6D7FF-B564-4CA5-964D-76FF8EE1302B}.Unicode Debug|Win32.Build.0 = Unicode Debug|Win32
		{37C6D7FF-B564-4CA5-964D-76FF8EE1302B}.Unicode Release|Win32.ActiveCfg = Unicode Release|Win32
		{37C6D7FF-B564-4CA5-964D-76FF8EE1302B}.Unicode Release|Win32.Build.0 = Unicode Release|Win32
		{194BF984-A6D7-4CB8-9A5B-133ED627AE82}.Debug|Win32.ActiveCfg = Debug|Win32
		{194BF984-A6D7-4CB8-9A5B-133ED627AE82}.Debug|Win32.Build.0 = Debug|Win32
		{194BF984-A6D7-4CB8-9A5B-133ED627AE82}.Release|Win32.ActiveCfg = Release|Win32
		{194BF984-A6D7-4CB8-9A5B-133ED627AE82}.Release|Win32.Build.0 = Release|Win32
		{194BF984-A6D7-4CB8-9A5B-133ED627AE82}.Unicode Debug|Win32.ActiveCfg = Unicode Debug|Win32
		{194BF984-A6D7-4CB8-9A5B-133ED627AE82}.Unicode Debug|Win32.Build.0 = Unicode Debug|Win32
		{194BF984-A6D7-4CB8-9A5B-133ED627AE82}.Unicode Release|Win32.ActiveCfg = Unicode Release|Win32
		{194BF984-A6D7-4CB8-9A5B-133ED627AE82}.Unicode Release|Win32.Build.0 = Unicode Release|Win32
		{70DB4F90-0788-4D09-9E4B-87A564F33F35}.Debug|Win32.ActiveCfg = Debug|Win32
		{70DB4F90-0788-4D09-9E4B-87A564F33F35}.Debug|Win32.Build.0 = Debug|Win32
		{70DB4F90-0788-4D09-9E4B-87A564F33F35}.Release|Win32.ActiveCfg = Release|Win32
		{70DB4F90-0788-4D09-9E4B-87A564F33F35}.Release|Win32.Build.0 = Release|Win32
		{70DB4F90-0788-4D09-9E4B-87A564F33F35}.Unicode Debug|Win32.ActiveCfg = Unicode Debug|Win32
		{70DB4F90-0788-4D09-9E4B-87A564F33F35}.Unicode Debug|Win32.Build.0 = Unicode Debug|Win32
		{70DB4F90-0788-4D09-9E4B-87A564F33F35}.Unicode Release|Win32.ActiveCfg = Unicode Release|Win32
		{70DB4F90-0788-4D09-9E4B-87A564F33F35}.Unicode Release|Win32.Build.0 = Unicode Release|Win32
		{C4DF5005-D4FF-41EC-9257-C3913C87AE70}.Debug|Win32.ActiveCfg = Debug|Win32
		{C4DF5005-D4FF-41EC-9257-C3913C87AE70}.Debug|Win32.Build.0 = Debug|Win32
		{C4DF5005-D4FF-41EC-9257-C3913C87AE70}.Release|Win32.ActiveCfg = Release|Win32
		{C4DF5005-D4FF-41EC-9257-C3913C87AE70}.Release|Win32.Build.0 = Release|Win32
		{C4DF5005-D4FF-41EC-9257-C3913C87AE70}.Unicode Debug|Win32.ActiveCfg = Unicode Debug|Win32
		{C4DF5005-D4FF-41EC-9257-C3913C87AE70}.Unicode Debug|Win32.Build.0 = Unicode Debug|Win32
		{C4DF5005-D4FF-41EC-9257-C3913C87AE70}.Unicode Release|Win32.ActiveCfg = Unicode Release|Win32
		{C4DF5005-D4FF-41EC-9257-C3913C87AE70}.Unicode Release|Win32.Build.0 = Unicode Release|Win32
		{A71398EE-1AF5-4AF7-9924-B8094350FCD4}.Debug|Win32.ActiveCfg = Debug|Win32
		{A71398EE-1AF5-4AF7-9924-B8094350FCD4}.Debug|Win32.Build.0 = Debug|Win32
		{A71398EE-1AF5-4AF7-9924-B8094350FCD4}.Release|Win32.ActiveCfg = Release|Win32
		{A71398EE-1AF5-4AF7-9924-B8094350FCD4}.Release|Win32.Build.0 = Release|Win32
		{A71398EE-1AF5-4AF7-9924-B8094350FCD4}.Unicode Debug|Win32.ActiveCfg = Unicode Debug|Win32
		{A71398EE-1AF5-4AF7-9924-B8094350FCD4}.Unicode Debug|Win32.Build.0 = Unicode Debug|Win32
		{A71398EE-1AF5-4AF7-9924-B8094350FCD4}.Unicode Release|Win32.ActiveCfg = Unicode Release|Win32
		{A71398EE-1AF5-4AF7-9924-B8094350FCD4}.Unicode Release|Win32.Build.0 = Unicode Release|Win32
		{53068B24-EA61-4773-BB89-52A65EE86155}.Debug|Win32.ActiveCfg = Debug|Win32
		{53068B24-EA61-4773-BB89-52A65EE86155}.Debug|Win32.Build.0 = Debug|Win32
		{53068B24-EA61-4773-BB89-52A65EE86155}.Release|Win32.ActiveCfg = Release|Win32
		{53068B24-EA61-4773-BB89-52A65EE86155}.Release|Win32.Build.0 = Release|Win32
		{53068B24-EA61-4773-BB89-52A65EE86155}.Unicode Debug|Win32.ActiveCfg = Unicode Debug|Win32
		{53068B24-EA61-4773-BB89-52A65EE86155}.Unicode Debug|Win32.Build.0 = Unicode Debug|Win32
		{53068B24-EA61-4773-BB89-52A65EE86155}.Unicode Release|Win32.ActiveCfg = Unicode Release|Win32
		{53068B24-EA61-4773-BB89-52A65EE86155}.Unicode Release|Win32.Build.0 = Unicode Release|Win32
	EndGlobalSection
	GlobalSection(SolutionProperties) = preSolution
		HideSolutionNode = FALSE
	EndGlobalSection
EndGlobal
